
Microsoft Visual Studio Solution File, Format Version 12.00
# Visual Studio Version 16
VisualStudioVersion = 16.0.29318.209
MinimumVisualStudioVersion = 10.0.40219.1
Project("{8BC9CEB8-8B4A-11D0-8D11-00A0C91BC942}") = "socket", "socket\socket.vcxproj", "{3C4DECD1-C2AA-49B3-9776-C201C174CB6B}"
EndProject
Project("{8BC9CEB8-8B4A-11D0-8D11-00A0C91BC942}") = "socket_client", "socket_client\socket_client.vcxproj", "{B0DC5CC6-F2C7-44C5-B110-4B6A2F382D8D}"
EndProject
Global
	GlobalSection(SolutionConfigurationPlatforms) = preSolution
		Debug|x64 = Debug|x64
		Debug|x86 = Debug|x86
		Release|x64 = Release|x64
		Release|x86 = Release|x86
	EndGlobalSection
	GlobalSection(ProjectConfigurationPlatforms) = postSolution
		{3C4DECD1-C2AA-49B3-9776-C201C174CB6B}.Debug|x64.ActiveCfg = Debug|x64
		{3C4DECD1-C2AA-49B3-9776-C201C174CB6B}.Debug|x64.Build.0 = Debug|x64
		{3C4DECD1-C2AA-49B3-9776-C201C174CB6B}.Debug|x86.ActiveCfg = Debug|Win32
		{3C4DECD1-C2AA-49B3-9776-C201C174CB6B}.Debug|x86.Build.0 = Debug|Win32
		{3C4DECD1-C2AA-49B3-9776-C201C174CB6B}.Release|x64.ActiveCfg = Release|x64
		{3C4DECD1-C2AA-49B3-9776-C201C174CB6B}.Release|x64.Build.0 = Release|x64
		{3C4DECD1-C2AA-49B3-9776-C201C174CB6B}.Release|x86.ActiveCfg = Release|Win32
		{3C4DECD1-C2AA-49B3-9776-C201C174CB6B}.Release|x86.Build.0 = Release|Win32
		{B0DC5CC6-F2C7-44C5-B110-4B6A2F382D8D}.Debug|x64.ActiveCfg = Debug|x64
		{B0DC5CC6-F2C7-44C5-B110-4B6A2F382D8D}.Debug|x64.Build.0 = Debug|x64
		{B0DC5CC6-F2C7-44C5-B110-4B6A2F382D8D}.Debug|x86.ActiveCfg = Debug|Win32
		{B0DC5CC6-F2C7-44C5-B110-4B6A2F382D8D}.Debug|x86.Build.0 = Debug|Win32
		{B0DC5CC6-F2C7-44C5-B110-4B6A2F382D8D}.Release|x64.ActiveCfg = Release|x64
		{B0DC5CC6-F2C7-44C5-B110-4B6A2F382D8D}.Release|x64.Build.0 = Release|x64
		{B0DC5CC6-F2C7-44C5-B110-4B6A2F382D8D}.Release|x86.ActiveCfg = Release|Win32
		{B0DC5CC6-F2C7-44C5-B110-4B6A2F382D8D}.Release|x86.Build.0 = Release|Win32
	EndGlobalSection
	GlobalSection(SolutionProperties) = preSolution
		HideSolutionNode = FALSE
	EndGlobalSection
	GlobalSection(ExtensibilityGlobals) = postSolution
		SolutionGuid = {1F8FD6DC-1275-4F08-B844-8BCA12B8C466}
	EndGlobalSection
EndGlobal
